
Microsoft Visual Studio Solution File, Format Version 12.00
# Visual Studio Version 16
VisualStudioVersion = 16.0.29418.71
MinimumVisualStudioVersion = 10.0.40219.1
Project("{FAE04EC0-301F-11D3-BF4B-00C04F79EFBC}") = "Solution.API", "Solution.API\Solution.API.csproj", "{DB8D8503-0100-4484-A593-45E259FC2271}"
EndProject
Project("{FAE04EC0-301F-11D3-BF4B-00C04F79EFBC}") = "Solution.DO", "Solution.DO\Solution.DO.csproj", "{281858F0-F26A-4EAE-9DAB-A12AB538205D}"
EndProject
Project("{FAE04EC0-301F-11D3-BF4B-00C04F79EFBC}") = "Solution.BS", "Solution.BS\Solution.BS.csproj", "{C14BA6FC-1AA3-4F18-94A2-323338EF31BA}"
EndProject
Project("{FAE04EC0-301F-11D3-BF4B-00C04F79EFBC}") = "Solution.DAL", "Solution.DAL\Solution.DAL.csproj", "{98784FD7-3748-43EB-9DA9-374CE2D08707}"
EndProject
Project("{FAE04EC0-301F-11D3-BF4B-00C04F79EFBC}") = "Solution.DAL.EF", "Solution.DAL.EF\Solution.DAL.EF.csproj", "{287E80CD-AAE9-4461-A7B9-82CADB84D88D}"
EndProject
Project("{FAE04EC0-301F-11D3-BF4B-00C04F79EFBC}") = "Solution.Repository", "Solution.Repository\Solution.Repository.csproj", "{57BA3DDE-A129-4C92-8107-5ECD1102B12E}"
EndProject
Global
	GlobalSection(SolutionConfigurationPlatforms) = preSolution
		Debug|Any CPU = Debug|Any CPU
		Release|Any CPU = Release|Any CPU
	EndGlobalSection
	GlobalSection(ProjectConfigurationPlatforms) = postSolution
		{DB8D8503-0100-4484-A593-45E259FC2271}.Debug|Any CPU.ActiveCfg = Debug|Any CPU
		{DB8D8503-0100-4484-A593-45E259FC2271}.Debug|Any CPU.Build.0 = Debug|Any CPU
		{DB8D8503-0100-4484-A593-45E259FC2271}.Release|Any CPU.ActiveCfg = Release|Any CPU
		{DB8D8503-0100-4484-A593-45E259FC2271}.Release|Any CPU.Build.0 = Release|Any CPU
		{281858F0-F26A-4EAE-9DAB-A12AB538205D}.Debug|Any CPU.ActiveCfg = Debug|Any CPU
		{281858F0-F26A-4EAE-9DAB-A12AB538205D}.Debug|Any CPU.Build.0 = Debug|Any CPU
		{281858F0-F26A-4EAE-9DAB-A12AB538205D}.Release|Any CPU.ActiveCfg = Release|Any CPU
		{281858F0-F26A-4EAE-9DAB-A12AB538205D}.Release|Any CPU.Build.0 = Release|Any CPU
		{C14BA6FC-1AA3-4F18-94A2-323338EF31BA}.Debug|Any CPU.ActiveCfg = Debug|Any CPU
		{C14BA6FC-1AA3-4F18-94A2-323338EF31BA}.Debug|Any CPU.Build.0 = Debug|Any CPU
		{C14BA6FC-1AA3-4F18-94A2-323338EF31BA}.Release|Any CPU.ActiveCfg = Release|Any CPU
		{C14BA6FC-1AA3-4F18-94A2-323338EF31BA}.Release|Any CPU.Build.0 = Release|Any CPU
		{98784FD7-3748-43EB-9DA9-374CE2D08707}.Debug|Any CPU.ActiveCfg = Debug|Any CPU
		{98784FD7-3748-43EB-9DA9-374CE2D08707}.Debug|Any CPU.Build.0 = Debug|Any CPU
		{98784FD7-3748-43EB-9DA9-374CE2D08707}.Release|Any CPU.ActiveCfg = Release|Any CPU
		{98784FD7-3748-43EB-9DA9-374CE2D08707}.Release|Any CPU.Build.0 = Release|Any CPU
		{287E80CD-AAE9-4461-A7B9-82CADB84D88D}.Debug|Any CPU.ActiveCfg = Debug|Any CPU
		{287E80CD-AAE9-4461-A7B9-82CADB84D88D}.Debug|Any CPU.Build.0 = Debug|Any CPU
		{287E80CD-AAE9-4461-A7B9-82CADB84D88D}.Release|Any CPU.ActiveCfg = Release|Any CPU
		{287E80CD-AAE9-4461-A7B9-82CADB84D88D}.Release|Any CPU.Build.0 = Release|Any CPU
		{57BA3DDE-A129-4C92-8107-5ECD1102B12E}.Debug|Any CPU.ActiveCfg = Debug|Any CPU
		{57BA3DDE-A129-4C92-8107-5ECD1102B12E}.Debug|Any CPU.Build.0 = Debug|Any CPU
		{57BA3DDE-A129-4C92-8107-5ECD1102B12E}.Release|Any CPU.ActiveCfg = Release|Any CPU
		{57BA3DDE-A129-4C92-8107-5ECD1102B12E}.Release|Any CPU.Build.0 = Release|Any CPU
	EndGlobalSection
	GlobalSection(SolutionProperties) = preSolution
		HideSolutionNode = FALSE
	EndGlobalSection
	GlobalSection(ExtensibilityGlobals) = postSolution
		SolutionGuid = {4219DBCB-CDC8-4337-8CEC-5019DBF2DFF6}
	EndGlobalSection
EndGlobal
